
Microsoft Visual Studio Solution File, Format Version 12.00
# Visual Studio Version 16
VisualStudioVersion = 16.0.32002.261
MinimumVisualStudioVersion = 10.0.40219.1
Project("{FAE04EC0-301F-11D3-BF4B-00C04F79EFBC}") = "ConsoleApp3", "ConsoleApp3\ConsoleApp3.csproj", "{A637B45C-F43A-47C4-B477-793827077308}"
EndProject
Global
	GlobalSection(SolutionConfigurationPlatforms) = preSolution
		Debug|Any CPU = Debug|Any CPU
		Release|Any CPU = Release|Any CPU
	EndGlobalSection
	GlobalSection(ProjectConfigurationPlatforms) = postSolution
		{A637B45C-F43A-47C4-B477-793827077308}.Debug|Any CPU.ActiveCfg = Debug|Any CPU
		{A637B45C-F43A-47C4-B477-793827077308}.Debug|Any CPU.Build.0 = Debug|Any CPU
		{A637B45C-F43A-47C4-B477-793827077308}.Release|Any CPU.ActiveCfg = Release|Any CPU
		{A637B45C-F43A-47C4-B477-793827077308}.Release|Any CPU.Build.0 = Release|Any CPU
	EndGlobalSection
	GlobalSection(SolutionProperties) = preSolution
		HideSolutionNode = FALSE
	EndGlobalSection
	GlobalSection(ExtensibilityGlobals) = postSolution
		SolutionGuid = {756123D0-683C-4046-9518-E1B192ACB62D}
	EndGlobalSection
EndGlobal
